# THIS IS AN AUTOGENERATED FILE. DO NOT EDIT THIS FILE DIRECTLY.
# yarn lockfile v1


dot@^1.1.3:
  version "1.1.3"
  resolved "https://registry.yarnpkg.com/dot/-/dot-1.1.3.tgz#351360e00a748bce9a1f8f27c00c394a7e4e1e9f"
  integrity sha512-/nt74Rm+PcfnirXGEdhZleTwGC2LMnuKTeeTIlI82xb5loBBoXNYzr2ezCroPSMtilK8EZIfcNZwOcHN+ib1Lg==

esbuild@^0.11.12:
  version "0.11.12"
  resolved "https://registry.yarnpkg.com/esbuild/-/esbuild-0.11.12.tgz#8cbe15bcb44212624c3e77c896a835f74dc71c3c"
  integrity sha512-c8cso/1RwVj+fbDvLtUgSG4ZJQ0y9Zdrl6Ot/GAjyy4pdMCHaFnDMts5gqFnWRPLajWtEnI+3hlET4R9fVoZng==

fletch-state@^1.0.3:
  version "1.0.3"
  resolved "https://registry.yarnpkg.com/fletch-state/-/fletch-state-1.0.3.tgz#cce4d3c4ef944ed9c499775ff3b71f044e81a5f1"
  integrity sha512-oZqBMknjYAPsaQEHrHirRnyER6Y1iZ/ddVr6WyvTliVPZhip0FiU36wVF2mmhSyP3S3CRELcf0QpyniNir5pgA==
